
Microsoft Visual Studio Solution File, Format Version 12.00
# Visual Studio Version 17
VisualStudioVersion = 17.5.002.0
MinimumVisualStudioVersion = 10.0.40219.1
Project("{9A19103F-16F7-4668-BE54-9A1E7A4F7556}") = "gitpractice", "gitpractice.csproj", "{7AC8A96A-B40B-4A92-9FAE-0E736DC8BDBA}"
EndProject
Global
	GlobalSection(SolutionConfigurationPlatforms) = preSolution
		Debug|Any CPU = Debug|Any CPU
		Release|Any CPU = Release|Any CPU
	EndGlobalSection
	GlobalSection(ProjectConfigurationPlatforms) = postSolution
		{7AC8A96A-B40B-4A92-9FAE-0E736DC8BDBA}.Debug|Any CPU.ActiveCfg = Debug|Any CPU
		{7AC8A96A-B40B-4A92-9FAE-0E736DC8BDBA}.Debug|Any CPU.Build.0 = Debug|Any CPU
		{7AC8A96A-B40B-4A92-9FAE-0E736DC8BDBA}.Release|Any CPU.ActiveCfg = Release|Any CPU
		{7AC8A96A-B40B-4A92-9FAE-0E736DC8BDBA}.Release|Any CPU.Build.0 = Release|Any CPU
	EndGlobalSection
	GlobalSection(SolutionProperties) = preSolution
		HideSolutionNode = FALSE
	EndGlobalSection
	GlobalSection(ExtensibilityGlobals) = postSolution
		SolutionGuid = {E6D46629-A45A-4C44-B966-6E79F0419F31}
	EndGlobalSection
EndGlobal
